<?xml version="1.0" encoding="utf-8"?>
<Project ToolsVersion="4.0" xmlns="http://schemas.microsoft.com/developer/msbuild/2003">
  <ItemGroup>
    <Filter Include="Source">
      <UniqueIdentifier>{67DA6AB6-F800-4c08-8B7A-83BB121AAD01}</UniqueIdentifier>
      <Extensions>rc;ico;cur;bmp;dlg;rc2;rct;bin;rgs;gif;jpg;jpeg;jpe;resx;tiff;tif;png;wav;mfcribbon-ms</Extensions>
    </Filter>
    <Filter Include="Source\MapGenerator">
      <UniqueIdentifier>{c6c8d7f2-238f-4ca6-b8d9-0301fc6d0562}</UniqueIdentifier>
    </Filter>
    <Filter Include="Source\Engine">
      <UniqueIdentifier>{0452eb7f-f03d-4fc0-84dc-da0a6be082d7}</UniqueIdentifier>
    </Filter>
    <Filter Include="Source\Engine\External Libraries">
      <UniqueIdentifier>{0cf1f308-7e8d-46d0-bb91-fa0e1d2b7977}</UniqueIdentifier>
    </Filter>
    <Filter Include="Source\Engine\External Libraries\mmgr">
      <UniqueIdentifier>{926cbed8-179d-4031-93c1-4593c4d1fbe0}</UniqueIdentifier>
    </Filter>
    <Filter Include="Source\Engine\Modules">
      <UniqueIdentifier>{c66b108c-20d0-49c8-8ac5-9784c6abdc3d}</UniqueIdentifier>
    </Filter>
    <Filter Include="Source\Engine\Utils">
      <UniqueIdentifier>{dc255ef5-117c-4d5b-8dbd-2547246479b7}</UniqueIdentifier>
    </Filter>
    <Filter Include="Source\Engine\External Libraries\PCG">
      <UniqueIdentifier>{6e484a01-d85c-41e9-9710-cde1f3456328}</UniqueIdentifier>
    </Filter>
    <Filter Include="Source\Engine\Tools">
      <UniqueIdentifier>{639cd3e4-c136-4800-9dec-6b393fb7d212}</UniqueIdentifier>
    </Filter>
    <Filter Include="Source\Scenes">
      <UniqueIdentifier>{4e7279cf-b0bc-418f-86c0-c94e5fb93601}</UniqueIdentifier>
    </Filter>
    <Filter Include="Source\Engine\External Libraries\Glew">
      <UniqueIdentifier>{e1665ba2-05b8-468b-bd32-2328c7d34328}</UniqueIdentifier>
    </Filter>
    <Filter Include="Source\Engine\External Libraries\SDL">
      <UniqueIdentifier>{11c36b62-b3cd-43f0-a481-100295ce2acc}</UniqueIdentifier>
    </Filter>
    <Filter Include="Source\Engine\External Libraries\ImGui">
      <UniqueIdentifier>{db98e155-aeaa-4852-941d-7a6914d5a1ff}</UniqueIdentifier>
    </Filter>
    <Filter Include="Source\Engine\External Libraries\stb_image">
      <UniqueIdentifier>{70f3c0a7-97b8-4df6-9f3b-eced4db2c372}</UniqueIdentifier>
    </Filter>
    <Filter Include="Source\Engine\Tools\Entities">
      <UniqueIdentifier>{6076d467-4778-4601-83c2-eaee8e0d63ad}</UniqueIdentifier>
    </Filter>
    <Filter Include="Source\Engine\Tools\Entities\UI">
      <UniqueIdentifier>{e49cfda8-225c-4a9a-9ecf-2b53bea1b790}</UniqueIdentifier>
    </Filter>
    <Filter Include="Source\MapGenerator\DataStructures">
      <UniqueIdentifier>{62a293c5-7024-4b31-a429-45ab92908ff4}</UniqueIdentifier>
    </Filter>
    <Filter Include="Source\Engine\External Libraries\Json">
      <UniqueIdentifier>{9feefc95-fff7-4801-ad40-0d1fc0101f3f}</UniqueIdentifier>
    </Filter>
    <Filter Include="Source\Scenes\SubScenes">
      <UniqueIdentifier>{7c76dc6e-cc69-4f1c-a4f4-80a8349649b6}</UniqueIdentifier>
    </Filter>
    <Filter Include="Source\Engine\External Libraries\TinyFileDialog">
      <UniqueIdentifier>{ec4bb4b3-379d-4541-b24a-60e0dbe257e6}</UniqueIdentifier>
    </Filter>
  </ItemGroup>
  <ItemGroup>
    <ClInclude Include="Timer.h">
      <Filter>Source\Engine\Utils</Filter>
    </ClInclude>
    <ClInclude Include="Module.h">
      <Filter>Source\Engine\Modules</Filter>
    </ClInclude>
    <ClInclude Include="ModuleInput.h">
      <Filter>Source\Engine\Modules</Filter>
    </ClInclude>
    <ClInclude Include="ModuleRenderer.h">
      <Filter>Source\Engine\Modules</Filter>
    </ClInclude>
    <ClInclude Include="ModuleResources.h">
      <Filter>Source\Engine\Modules</Filter>
    </ClInclude>
    <ClInclude Include="ModuleScene.h">
      <Filter>Source\Engine\Modules</Filter>
    </ClInclude>
    <ClInclude Include="ModuleWindow.h">
      <Filter>Source\Engine\Modules</Filter>
    </ClInclude>
    <ClInclude Include="mmgr\mmgr.h">
      <Filter>Source\Engine\External Libraries\mmgr</Filter>
    </ClInclude>
    <ClInclude Include="mmgr\nommgr.h">
      <Filter>Source\Engine\External Libraries\mmgr</Filter>
    </ClInclude>
    <ClInclude Include="MapGenerator.h">
      <Filter>Source\MapGenerator</Filter>
    </ClInclude>
    <ClInclude Include="Application.h">
      <Filter>Source\Engine</Filter>
    </ClInclude>
    <ClInclude Include="SDL2\include\begin_code.h">
      <Filter>Source\Engine\External Libraries\SDL</Filter>
    </ClInclude>
    <ClInclude Include="SDL2\include\close_code.h">
      <Filter>Source\Engine\External Libraries\SDL</Filter>
    </ClInclude>
    <ClInclude Include="SDL2\include\SDL.h">
      <Filter>Source\Engine\External Libraries\SDL</Filter>
    </ClInclude>
    <ClInclude Include="SDL2\include\SDL_assert.h">
      <Filter>Source\Engine\External Libraries\SDL</Filter>
    </ClInclude>
    <ClInclude Include="SDL2\include\SDL_atomic.h">
      <Filter>Source\Engine\External Libraries\SDL</Filter>
    </ClInclude>
    <ClInclude Include="SDL2\include\SDL_audio.h">
      <Filter>Source\Engine\External Libraries\SDL</Filter>
    </ClInclude>
    <ClInclude Include="SDL2\include\SDL_bits.h">
      <Filter>Source\Engine\External Libraries\SDL</Filter>
    </ClInclude>
    <ClInclude Include="SDL2\include\SDL_blendmode.h">
      <Filter>Source\Engine\External Libraries\SDL</Filter>
    </ClInclude>
    <ClInclude Include="SDL2\include\SDL_clipboard.h">
      <Filter>Source\Engine\External Libraries\SDL</Filter>
    </ClInclude>
    <ClInclude Include="SDL2\include\SDL_config.h">
      <Filter>Source\Engine\External Libraries\SDL</Filter>
    </ClInclude>
    <ClInclude Include="SDL2\include\SDL_cpuinfo.h">
      <Filter>Source\Engine\External Libraries\SDL</Filter>
    </ClInclude>
    <ClInclude Include="SDL2\include\SDL_egl.h">
      <Filter>Source\Engine\External Libraries\SDL</Filter>
    </ClInclude>
    <ClInclude Include="SDL2\include\SDL_endian.h">
      <Filter>Source\Engine\External Libraries\SDL</Filter>
    </ClInclude>
    <ClInclude Include="SDL2\include\SDL_error.h">
      <Filter>Source\Engine\External Libraries\SDL</Filter>
    </ClInclude>
    <ClInclude Include="SDL2\include\SDL_events.h">
      <Filter>Source\Engine\External Libraries\SDL</Filter>
    </ClInclude>
    <ClInclude Include="SDL2\include\SDL_filesystem.h">
      <Filter>Source\Engine\External Libraries\SDL</Filter>
    </ClInclude>
    <ClInclude Include="SDL2\include\SDL_gamecontroller.h">
      <Filter>Source\Engine\External Libraries\SDL</Filter>
    </ClInclude>
    <ClInclude Include="SDL2\include\SDL_gesture.h">
      <Filter>Source\Engine\External Libraries\SDL</Filter>
    </ClInclude>
    <ClInclude Include="SDL2\include\SDL_guid.h">
      <Filter>Source\Engine\External Libraries\SDL</Filter>
    </ClInclude>
    <ClInclude Include="SDL2\include\SDL_haptic.h">
      <Filter>Source\Engine\External Libraries\SDL</Filter>
    </ClInclude>
    <ClInclude Include="SDL2\include\SDL_hidapi.h">
      <Filter>Source\Engine\External Libraries\SDL</Filter>
    </ClInclude>
    <ClInclude Include="SDL2\include\SDL_hints.h">
      <Filter>Source\Engine\External Libraries\SDL</Filter>
    </ClInclude>
    <ClInclude Include="SDL2\include\SDL_joystick.h">
      <Filter>Source\Engine\External Libraries\SDL</Filter>
    </ClInclude>
    <ClInclude Include="SDL2\include\SDL_keyboard.h">
      <Filter>Source\Engine\External Libraries\SDL</Filter>
    </ClInclude>
    <ClInclude Include="SDL2\include\SDL_keycode.h">
      <Filter>Source\Engine\External Libraries\SDL</Filter>
    </ClInclude>
    <ClInclude Include="SDL2\include\SDL_loadso.h">
      <Filter>Source\Engine\External Libraries\SDL</Filter>
    </ClInclude>
    <ClInclude Include="SDL2\include\SDL_locale.h">
      <Filter>Source\Engine\External Libraries\SDL</Filter>
    </ClInclude>
    <ClInclude Include="SDL2\include\SDL_log.h">
      <Filter>Source\Engine\External Libraries\SDL</Filter>
    </ClInclude>
    <ClInclude Include="SDL2\include\SDL_main.h">
      <Filter>Source\Engine\External Libraries\SDL</Filter>
    </ClInclude>
    <ClInclude Include="SDL2\include\SDL_messagebox.h">
      <Filter>Source\Engine\External Libraries\SDL</Filter>
    </ClInclude>
    <ClInclude Include="SDL2\include\SDL_metal.h">
      <Filter>Source\Engine\External Libraries\SDL</Filter>
    </ClInclude>
    <ClInclude Include="SDL2\include\SDL_misc.h">
      <Filter>Source\Engine\External Libraries\SDL</Filter>
    </ClInclude>
    <ClInclude Include="SDL2\include\SDL_mouse.h">
      <Filter>Source\Engine\External Libraries\SDL</Filter>
    </ClInclude>
    <ClInclude Include="SDL2\include\SDL_mutex.h">
      <Filter>Source\Engine\External Libraries\SDL</Filter>
    </ClInclude>
    <ClInclude Include="SDL2\include\SDL_name.h">
      <Filter>Source\Engine\External Libraries\SDL</Filter>
    </ClInclude>
    <ClInclude Include="SDL2\include\SDL_opengl.h">
      <Filter>Source\Engine\External Libraries\SDL</Filter>
    </ClInclude>
    <ClInclude Include="SDL2\include\SDL_opengl_glext.h">
      <Filter>Source\Engine\External Libraries\SDL</Filter>
    </ClInclude>
    <ClInclude Include="SDL2\include\SDL_opengles.h">
      <Filter>Source\Engine\External Libraries\SDL</Filter>
    </ClInclude>
    <ClInclude Include="SDL2\include\SDL_opengles2.h">
      <Filter>Source\Engine\External Libraries\SDL</Filter>
    </ClInclude>
    <ClInclude Include="SDL2\include\SDL_opengles2_gl2.h">
      <Filter>Source\Engine\External Libraries\SDL</Filter>
    </ClInclude>
    <ClInclude Include="SDL2\include\SDL_opengles2_gl2ext.h">
      <Filter>Source\Engine\External Libraries\SDL</Filter>
    </ClInclude>
    <ClInclude Include="SDL2\include\SDL_opengles2_gl2platform.h">
      <Filter>Source\Engine\External Libraries\SDL</Filter>
    </ClInclude>
    <ClInclude Include="SDL2\include\SDL_opengles2_khrplatform.h">
      <Filter>Source\Engine\External Libraries\SDL</Filter>
    </ClInclude>
    <ClInclude Include="SDL2\include\SDL_pixels.h">
      <Filter>Source\Engine\External Libraries\SDL</Filter>
    </ClInclude>
    <ClInclude Include="SDL2\include\SDL_platform.h">
      <Filter>Source\Engine\External Libraries\SDL</Filter>
    </ClInclude>
    <ClInclude Include="SDL2\include\SDL_power.h">
      <Filter>Source\Engine\External Libraries\SDL</Filter>
    </ClInclude>
    <ClInclude Include="SDL2\include\SDL_quit.h">
      <Filter>Source\Engine\External Libraries\SDL</Filter>
    </ClInclude>
    <ClInclude Include="SDL2\include\SDL_rect.h">
      <Filter>Source\Engine\External Libraries\SDL</Filter>
    </ClInclude>
    <ClInclude Include="SDL2\include\SDL_render.h">
      <Filter>Source\Engine\External Libraries\SDL</Filter>
    </ClInclude>
    <ClInclude Include="SDL2\include\SDL_revision.h">
      <Filter>Source\Engine\External Libraries\SDL</Filter>
    </ClInclude>
    <ClInclude Include="SDL2\include\SDL_rwops.h">
      <Filter>Source\Engine\External Libraries\SDL</Filter>
    </ClInclude>
    <ClInclude Include="SDL2\include\SDL_scancode.h">
      <Filter>Source\Engine\External Libraries\SDL</Filter>
    </ClInclude>
    <ClInclude Include="SDL2\include\SDL_sensor.h">
      <Filter>Source\Engine\External Libraries\SDL</Filter>
    </ClInclude>
    <ClInclude Include="SDL2\include\SDL_shape.h">
      <Filter>Source\Engine\External Libraries\SDL</Filter>
    </ClInclude>
    <ClInclude Include="SDL2\include\SDL_stdinc.h">
      <Filter>Source\Engine\External Libraries\SDL</Filter>
    </ClInclude>
    <ClInclude Include="SDL2\include\SDL_surface.h">
      <Filter>Source\Engine\External Libraries\SDL</Filter>
    </ClInclude>
    <ClInclude Include="SDL2\include\SDL_system.h">
      <Filter>Source\Engine\External Libraries\SDL</Filter>
    </ClInclude>
    <ClInclude Include="SDL2\include\SDL_syswm.h">
      <Filter>Source\Engine\External Libraries\SDL</Filter>
    </ClInclude>
    <ClInclude Include="SDL2\include\SDL_test.h">
      <Filter>Source\Engine\External Libraries\SDL</Filter>
    </ClInclude>
    <ClInclude Include="SDL2\include\SDL_test_assert.h">
      <Filter>Source\Engine\External Libraries\SDL</Filter>
    </ClInclude>
    <ClInclude Include="SDL2\include\SDL_test_common.h">
      <Filter>Source\Engine\External Libraries\SDL</Filter>
    </ClInclude>
    <ClInclude Include="SDL2\include\SDL_test_compare.h">
      <Filter>Source\Engine\External Libraries\SDL</Filter>
    </ClInclude>
    <ClInclude Include="SDL2\include\SDL_test_crc32.h">
      <Filter>Source\Engine\External Libraries\SDL</Filter>
    </ClInclude>
    <ClInclude Include="SDL2\include\SDL_test_font.h">
      <Filter>Source\Engine\External Libraries\SDL</Filter>
    </ClInclude>
    <ClInclude Include="SDL2\include\SDL_test_fuzzer.h">
      <Filter>Source\Engine\External Libraries\SDL</Filter>
    </ClInclude>
    <ClInclude Include="SDL2\include\SDL_test_harness.h">
      <Filter>Source\Engine\External Libraries\SDL</Filter>
    </ClInclude>
    <ClInclude Include="SDL2\include\SDL_test_images.h">
      <Filter>Source\Engine\External Libraries\SDL</Filter>
    </ClInclude>
    <ClInclude Include="SDL2\include\SDL_test_log.h">
      <Filter>Source\Engine\External Libraries\SDL</Filter>
    </ClInclude>
    <ClInclude Include="SDL2\include\SDL_test_md5.h">
      <Filter>Source\Engine\External Libraries\SDL</Filter>
    </ClInclude>
    <ClInclude Include="SDL2\include\SDL_test_memory.h">
      <Filter>Source\Engine\External Libraries\SDL</Filter>
    </ClInclude>
    <ClInclude Include="SDL2\include\SDL_test_random.h">
      <Filter>Source\Engine\External Libraries\SDL</Filter>
    </ClInclude>
    <ClInclude Include="SDL2\include\SDL_thread.h">
      <Filter>Source\Engine\External Libraries\SDL</Filter>
    </ClInclude>
    <ClInclude Include="SDL2\include\SDL_timer.h">
      <Filter>Source\Engine\External Libraries\SDL</Filter>
    </ClInclude>
    <ClInclude Include="SDL2\include\SDL_touch.h">
      <Filter>Source\Engine\External Libraries\SDL</Filter>
    </ClInclude>
    <ClInclude Include="SDL2\include\SDL_types.h">
      <Filter>Source\Engine\External Libraries\SDL</Filter>
    </ClInclude>
    <ClInclude Include="SDL2\include\SDL_version.h">
      <Filter>Source\Engine\External Libraries\SDL</Filter>
    </ClInclude>
    <ClInclude Include="SDL2\include\SDL_video.h">
      <Filter>Source\Engine\External Libraries\SDL</Filter>
    </ClInclude>
    <ClInclude Include="SDL2\include\SDL_vulkan.h">
      <Filter>Source\Engine\External Libraries\SDL</Filter>
    </ClInclude>
    <ClInclude Include="Globals.h">
      <Filter>Source\Engine\Utils</Filter>
    </ClInclude>
    <ClInclude Include="List.h">
      <Filter>Source\MapGenerator\DataStructures</Filter>
    </ClInclude>
    <ClInclude Include="DynArray.h">
      <Filter>Source\MapGenerator\DataStructures</Filter>
    </ClInclude>
    <ClInclude Include="Cell.h">
      <Filter>Source\MapGenerator</Filter>
    </ClInclude>
    <ClInclude Include="Tile.h">
      <Filter>Source\MapGenerator</Filter>
    </ClInclude>
    <ClInclude Include="StaticArray.h">
      <Filter>Source\MapGenerator\DataStructures</Filter>
    </ClInclude>
    <ClInclude Include="ModuleGUI.h">
      <Filter>Source\Engine\Modules</Filter>
    </ClInclude>
    <ClInclude Include="Scene.h">
      <Filter>Source\Engine\Tools</Filter>
    </ClInclude>
    <ClInclude Include="Camera.h">
      <Filter>Source\Engine\Tools\Entities</Filter>
    </ClInclude>
    <ClInclude Include="Glew\include\eglew.h">
      <Filter>Source\Engine\External Libraries\Glew</Filter>
    </ClInclude>
    <ClInclude Include="Glew\include\glew.h">
      <Filter>Source\Engine\External Libraries\Glew</Filter>
    </ClInclude>
    <ClInclude Include="Glew\include\glxew.h">
      <Filter>Source\Engine\External Libraries\Glew</Filter>
    </ClInclude>
    <ClInclude Include="Glew\include\wglew.h">
      <Filter>Source\Engine\External Libraries\Glew</Filter>
    </ClInclude>
    <ClInclude Include="Imgui\imconfig.h">
      <Filter>Source\Engine\External Libraries\ImGui</Filter>
    </ClInclude>
    <ClInclude Include="Imgui\imgui.h">
      <Filter>Source\Engine\External Libraries\ImGui</Filter>
    </ClInclude>
    <ClInclude Include="Imgui\imgui_impl_opengl3.h">
      <Filter>Source\Engine\External Libraries\ImGui</Filter>
    </ClInclude>
    <ClInclude Include="Imgui\imgui_impl_sdl.h">
      <Filter>Source\Engine\External Libraries\ImGui</Filter>
    </ClInclude>
    <ClInclude Include="Imgui\imgui_internal.h">
      <Filter>Source\Engine\External Libraries\ImGui</Filter>
    </ClInclude>
    <ClInclude Include="Imgui\imstb_rectpack.h">
      <Filter>Source\Engine\External Libraries\ImGui</Filter>
    </ClInclude>
    <ClInclude Include="Imgui\imstb_textedit.h">
      <Filter>Source\Engine\External Libraries\ImGui</Filter>
    </ClInclude>
    <ClInclude Include="Imgui\imstb_truetype.h">
      <Filter>Source\Engine\External Libraries\ImGui</Filter>
    </ClInclude>
    <ClInclude Include="String.h">
      <Filter>Source\MapGenerator\DataStructures</Filter>
    </ClInclude>
    <ClInclude Include="stb\stb_image.h">
      <Filter>Source\Engine\External Libraries\stb_image</Filter>
    </ClInclude>
    <ClInclude Include="stb\stb_image_write.h">
      <Filter>Source\Engine\External Libraries\stb_image</Filter>
    </ClInclude>
    <ClInclude Include="ModuleEvent.h">
      <Filter>Source\Engine\Modules</Filter>
    </ClInclude>
    <ClInclude Include="Event.h">
      <Filter>Source\Engine\Tools</Filter>
    </ClInclude>
    <ClInclude Include="CameraController.h">
      <Filter>Source\Engine\Tools\Entities</Filter>
    </ClInclude>
    <ClInclude Include="UI_Button.h">
      <Filter>Source\Engine\Tools\Entities\UI</Filter>
    </ClInclude>
    <ClInclude Include="UI_Element.h">
      <Filter>Source\Engine\Tools\Entities\UI</Filter>
    </ClInclude>
    <ClInclude Include="Color.h">
      <Filter>Source\Engine\Utils</Filter>
    </ClInclude>
    <ClInclude Include="PCG\pcg_basic.h">
      <Filter>Source\Engine\External Libraries\PCG</Filter>
    </ClInclude>
    <ClInclude Include="BitArray.h">
      <Filter>Source\MapGenerator\DataStructures</Filter>
    </ClInclude>
    <ClInclude Include="PerfTimer.h">
      <Filter>Source\Engine\Utils</Filter>
    </ClInclude>
    <ClInclude Include="RandomNumber.h">
      <Filter>Source\Engine\Utils</Filter>
    </ClInclude>
    <ClInclude Include="json\json.hpp">
      <Filter>Source\Engine\External Libraries\Json</Filter>
    </ClInclude>
    <ClInclude Include="Utils.h">
      <Filter>Source\MapGenerator\DataStructures</Filter>
    </ClInclude>
    <ClInclude Include="UI_ButtonGroup.h">
      <Filter>Source\Engine\Tools\Entities\UI</Filter>
    </ClInclude>
    <ClInclude Include="Tileset.h">
      <Filter>Source\MapGenerator</Filter>
    </ClInclude>
    <ClInclude Include="SceneEvents.h">
      <Filter>Source\Scenes\SubScenes</Filter>
    </ClInclude>
    <ClInclude Include="SceneMap.h">
      <Filter>Source\Scenes\SubScenes</Filter>
    </ClInclude>
    <ClInclude Include="SceneTiles.h">
      <Filter>Source\Scenes\SubScenes</Filter>
    </ClInclude>
    <ClInclude Include="MainScene.h">
      <Filter>Source\Scenes</Filter>
    </ClInclude>
    <ClInclude Include="tinyfiledialogs\tinyfiledialogs.h">
      <Filter>Source\Engine\External Libraries\TinyFileDialog</Filter>
    </ClInclude>
    <ClInclude Include="PathGenerator.h">
      <Filter>Source\MapGenerator</Filter>
    </ClInclude>
    <ClInclude Include="Pathfinding.h">
      <Filter>Source\MapGenerator</Filter>
    </ClInclude>
    <ClInclude Include="Point2D.h">
      <Filter>Source\Engine\Utils</Filter>
    </ClInclude>
  </ItemGroup>
  <ItemGroup>
    <ClCompile Include="Main.cpp">
      <Filter>Source</Filter>
    </ClCompile>
    <ClCompile Include="ModuleInput.cpp">
      <Filter>Source\Engine\Modules</Filter>
    </ClCompile>
    <ClCompile Include="ModuleRenderer.cpp">
      <Filter>Source\Engine\Modules</Filter>
    </ClCompile>
    <ClCompile Include="ModuleResources.cpp">
      <Filter>Source\Engine\Modules</Filter>
    </ClCompile>
    <ClCompile Include="ModuleScene.cpp">
      <Filter>Source\Engine\Modules</Filter>
    </ClCompile>
    <ClCompile Include="ModuleWindow.cpp">
      <Filter>Source\Engine\Modules</Filter>
    </ClCompile>
    <ClCompile Include="mmgr\mmgr.cpp">
      <Filter>Source\Engine\External Libraries\mmgr</Filter>
    </ClCompile>
    <ClCompile Include="MapGenerator.cpp">
      <Filter>Source\MapGenerator</Filter>
    </ClCompile>
    <ClCompile Include="Application.cpp">
      <Filter>Source\Engine</Filter>
    </ClCompile>
    <ClCompile Include="Log.cpp">
      <Filter>Source\Engine\Utils</Filter>
    </ClCompile>
    <ClCompile Include="ModuleGUI.cpp">
      <Filter>Source\Engine\Modules</Filter>
    </ClCompile>
    <ClCompile Include="Camera.cpp">
      <Filter>Source\Engine\Tools\Entities</Filter>
    </ClCompile>
    <ClCompile Include="Imgui\imgui.cpp">
      <Filter>Source\Engine\External Libraries\ImGui</Filter>
    </ClCompile>
    <ClCompile Include="Imgui\imgui_demo.cpp">
      <Filter>Source\Engine\External Libraries\ImGui</Filter>
    </ClCompile>
    <ClCompile Include="Imgui\imgui_draw.cpp">
      <Filter>Source\Engine\External Libraries\ImGui</Filter>
    </ClCompile>
    <ClCompile Include="Imgui\imgui_impl_opengl3.cpp">
      <Filter>Source\Engine\External Libraries\ImGui</Filter>
    </ClCompile>
    <ClCompile Include="Imgui\imgui_impl_sdl.cpp">
      <Filter>Source\Engine\External Libraries\ImGui</Filter>
    </ClCompile>
    <ClCompile Include="Imgui\imgui_widgets.cpp">
      <Filter>Source\Engine\External Libraries\ImGui</Filter>
    </ClCompile>
    <ClCompile Include="stb\stb.cpp">
      <Filter>Source\Engine\External Libraries\stb_image</Filter>
    </ClCompile>
    <ClCompile Include="CameraController.cpp">
      <Filter>Source\Engine\Tools\Entities</Filter>
    </ClCompile>
    <ClCompile Include="UI_Button.cpp">
      <Filter>Source\Engine\Tools\Entities\UI</Filter>
    </ClCompile>
    <ClCompile Include="UI_Element.cpp">
      <Filter>Source\Engine\Tools\Entities\UI</Filter>
    </ClCompile>
    <ClCompile Include="PCG\pcg_basic.c">
      <Filter>Source\Engine\External Libraries\PCG</Filter>
    </ClCompile>
    <ClCompile Include="PerfTimer.cpp">
      <Filter>Source\Engine\Utils</Filter>
    </ClCompile>
    <ClCompile Include="Utils.cpp">
      <Filter>Source\MapGenerator\DataStructures</Filter>
    </ClCompile>
    <ClCompile Include="UI_ButtonGroup.cpp">
      <Filter>Source\Engine\Tools\Entities\UI</Filter>
    </ClCompile>
    <ClCompile Include="Tileset.cpp">
      <Filter>Source\MapGenerator</Filter>
    </ClCompile>
    <ClCompile Include="SceneMap.cpp">
      <Filter>Source\Scenes\SubScenes</Filter>
    </ClCompile>
    <ClCompile Include="SceneTiles.cpp">
      <Filter>Source\Scenes\SubScenes</Filter>
    </ClCompile>
    <ClCompile Include="MainScene.cpp">
      <Filter>Source\Scenes</Filter>
    </ClCompile>
    <ClCompile Include="tinyfiledialogs\tinyfiledialogs.c">
      <Filter>Source\Engine\External Libraries\TinyFileDialog</Filter>
    </ClCompile>
    <ClCompile Include="PathGenerator.cpp">
      <Filter>Source\MapGenerator</Filter>
    </ClCompile>
    <ClCompile Include="Pathfinding.cpp">
      <Filter>Source\MapGenerator</Filter>
    </ClCompile>
  </ItemGroup>
  <ItemGroup>
    <None Include="..\Game\Assets\Shaders\shaders.glsl">
      <Filter>Source\Engine\Tools</Filter>
    </None>
  </ItemGroup>
</Project>